// !$*UTF8*$!
{
	archiveVersion = 1;
	classes = {
	};
	objectVersion = 46;
	objects = {

/* Begin PBXBuildFile section */
		B84DFECA1BD9664400E2C5A6 /* Secret.swift in Sources */ = {isa = PBXBuildFile; fileRef = B84DFEC91BD9664400E2C5A6 /* Secret.swift */; };
		B84DFED61BD97DEF00E2C5A6 /* KeychainWrapper.swift in Sources */ = {isa = PBXBuildFile; fileRef = B84DFED51BD97DEF00E2C5A6 /* KeychainWrapper.swift */; };
		B84DFED81BD98AC400E2C5A6 /* Item.swift in Sources */ = {isa = PBXBuildFile; fileRef = B84DFED71BD98AC400E2C5A6 /* Item.swift */; };
		B84DFEDC1BD9B44100E2C5A6 /* ItemViewController.swift in Sources */ = {isa = PBXBuildFile; fileRef = B84DFEDB1BD9B44100E2C5A6 /* ItemViewController.swift */; };
		B84DFEDE1BD9BCDB00E2C5A6 /* ActivitiesViewController.swift in Sources */ = {isa = PBXBuildFile; fileRef = B84DFEDD1BD9BCDB00E2C5A6 /* ActivitiesViewController.swift */; };
		B84DFEE41BDA7B4400E2C5A6 /* NewItemViewController.swift in Sources */ = {isa = PBXBuildFile; fileRef = B84DFEE31BDA7B4400E2C5A6 /* NewItemViewController.swift */; };
		B84DFEEA1BDAA8A500E2C5A6 /* UIColor.swift in Sources */ = {isa = PBXBuildFile; fileRef = B84DFEE91BDAA8A500E2C5A6 /* UIColor.swift */; };
		B84DFEEC1BDAC7F900E2C5A6 /* Main.storyboard in Resources */ = {isa = PBXBuildFile; fileRef = B84DFEEB1BDAC7F900E2C5A6 /* Main.storyboard */; };
		B88208621BE66B2100D1A657 /* Activity.swift in Sources */ = {isa = PBXBuildFile; fileRef = B88208611BE66B2100D1A657 /* Activity.swift */; };
		B88208641BE6741F00D1A657 /* FollowingRelationshipActivityTableViewCell.swift in Sources */ = {isa = PBXBuildFile; fileRef = B88208631BE6741F00D1A657 /* FollowingRelationshipActivityTableViewCell.swift */; };
		B88208661BE6749B00D1A657 /* ItemActivityTableViewCell.swift in Sources */ = {isa = PBXBuildFile; fileRef = B88208651BE6749B00D1A657 /* ItemActivityTableViewCell.swift */; };
		B88208681BE674D000D1A657 /* GlitterActivityTableViewCell.swift in Sources */ = {isa = PBXBuildFile; fileRef = B88208671BE674D000D1A657 /* GlitterActivityTableViewCell.swift */; };
		B882086A1BE68B1100D1A657 /* UserViewController.swift in Sources */ = {isa = PBXBuildFile; fileRef = B88208691BE68B1100D1A657 /* UserViewController.swift */; };
		B882086E1BE6C1CE00D1A657 /* User.swift in Sources */ = {isa = PBXBuildFile; fileRef = B882086D1BE6C1CE00D1A657 /* User.swift */; };
		B8BCEE0F1BE3EA41001D990A /* Fabric.framework in Frameworks */ = {isa = PBXBuildFile; fileRef = B8BCEE0D1BE3EA41001D990A /* Fabric.framework */; };
		B8BCEE101BE3EA41001D990A /* Crashlytics.framework in Frameworks */ = {isa = PBXBuildFile; fileRef = B8BCEE0E1BE3EA41001D990A /* Crashlytics.framework */; };
		B8BDF1501BD59780002F6268 /* AppDelegate.swift in Sources */ = {isa = PBXBuildFile; fileRef = B8BDF14F1BD59780002F6268 /* AppDelegate.swift */; };
		B8BDF1571BD59780002F6268 /* Assets.xcassets in Resources */ = {isa = PBXBuildFile; fileRef = B8BDF1561BD59780002F6268 /* Assets.xcassets */; };
		B8BDF15A1BD59780002F6268 /* LaunchScreen.storyboard in Resources */ = {isa = PBXBuildFile; fileRef = B8BDF1581BD59780002F6268 /* LaunchScreen.storyboard */; };
		B8BDF1681BD5C819002F6268 /* LoginViewController.swift in Sources */ = {isa = PBXBuildFile; fileRef = B8BDF1671BD5C819002F6268 /* LoginViewController.swift */; };
		B8FC31531BE6EEF000475BE0 /* ActivitiesTableViewController.swift in Sources */ = {isa = PBXBuildFile; fileRef = B8FC31521BE6EEF000475BE0 /* ActivitiesTableViewController.swift */; };
		B8FC31551BE6F65300475BE0 /* UsersTableViewController.swift in Sources */ = {isa = PBXBuildFile; fileRef = B8FC31541BE6F65300475BE0 /* UsersTableViewController.swift */; };
		B8FC31571BE6FAA400475BE0 /* TabViewController.swift in Sources */ = {isa = PBXBuildFile; fileRef = B8FC31561BE6FAA400475BE0 /* TabViewController.swift */; };
/* End PBXBuildFile section */

/* Begin PBXFileReference section */
		B84DFEC91BD9664400E2C5A6 /* Secret.swift */ = {isa = PBXFileReference; fileEncoding = 4; lastKnownFileType = sourcecode.swift; path = Secret.swift; sourceTree = "<group>"; };
		B84DFED51BD97DEF00E2C5A6 /* KeychainWrapper.swift */ = {isa = PBXFileReference; fileEncoding = 4; lastKnownFileType = sourcecode.swift; path = KeychainWrapper.swift; sourceTree = "<group>"; };
		B84DFED71BD98AC400E2C5A6 /* Item.swift */ = {isa = PBXFileReference; fileEncoding = 4; lastKnownFileType = sourcecode.swift; path = Item.swift; sourceTree = "<group>"; };
		B84DFEDB1BD9B44100E2C5A6 /* ItemViewController.swift */ = {isa = PBXFileReference; fileEncoding = 4; lastKnownFileType = sourcecode.swift; path = ItemViewController.swift; sourceTree = "<group>"; };
		B84DFEDD1BD9BCDB00E2C5A6 /* ActivitiesViewController.swift */ = {isa = PBXFileReference; fileEncoding = 4; lastKnownFileType = sourcecode.swift; path = ActivitiesViewController.swift; sourceTree = "<group>"; };
		B84DFEE31BDA7B4400E2C5A6 /* NewItemViewController.swift */ = {isa = PBXFileReference; fileEncoding = 4; lastKnownFileType = sourcecode.swift; path = NewItemViewController.swift; sourceTree = "<group>"; };
		B84DFEE91BDAA8A500E2C5A6 /* UIColor.swift */ = {isa = PBXFileReference; fileEncoding = 4; lastKnownFileType = sourcecode.swift; path = UIColor.swift; sourceTree = "<group>"; };
		B84DFEEB1BDAC7F900E2C5A6 /* Main.storyboard */ = {isa = PBXFileReference; fileEncoding = 4; lastKnownFileType = file.storyboard; path = Main.storyboard; sourceTree = "<group>"; };
		B88208611BE66B2100D1A657 /* Activity.swift */ = {isa = PBXFileReference; fileEncoding = 4; lastKnownFileType = sourcecode.swift; path = Activity.swift; sourceTree = "<group>"; };
		B88208631BE6741F00D1A657 /* FollowingRelationshipActivityTableViewCell.swift */ = {isa = PBXFileReference; fileEncoding = 4; lastKnownFileType = sourcecode.swift; path = FollowingRelationshipActivityTableViewCell.swift; sourceTree = "<group>"; };
		B88208651BE6749B00D1A657 /* ItemActivityTableViewCell.swift */ = {isa = PBXFileReference; fileEncoding = 4; lastKnownFileType = sourcecode.swift; path = ItemActivityTableViewCell.swift; sourceTree = "<group>"; };
		B88208671BE674D000D1A657 /* GlitterActivityTableViewCell.swift */ = {isa = PBXFileReference; fileEncoding = 4; lastKnownFileType = sourcecode.swift; path = GlitterActivityTableViewCell.swift; sourceTree = "<group>"; };
		B88208691BE68B1100D1A657 /* UserViewController.swift */ = {isa = PBXFileReference; fileEncoding = 4; lastKnownFileType = sourcecode.swift; path = UserViewController.swift; sourceTree = "<group>"; };
		B882086D1BE6C1CE00D1A657 /* User.swift */ = {isa = PBXFileReference; fileEncoding = 4; lastKnownFileType = sourcecode.swift; path = User.swift; sourceTree = "<group>"; };
		B8BCEE0D1BE3EA41001D990A /* Fabric.framework */ = {isa = PBXFileReference; lastKnownFileType = wrapper.framework; path = Fabric.framework; sourceTree = "<group>"; };
		B8BCEE0E1BE3EA41001D990A /* Crashlytics.framework */ = {isa = PBXFileReference; lastKnownFileType = wrapper.framework; path = Crashlytics.framework; sourceTree = "<group>"; };
		B8BDF14C1BD59780002F6268 /* glitter-mobile.app */ = {isa = PBXFileReference; explicitFileType = wrapper.application; includeInIndex = 0; path = "glitter-mobile.app"; sourceTree = BUILT_PRODUCTS_DIR; };
		B8BDF14F1BD59780002F6268 /* AppDelegate.swift */ = {isa = PBXFileReference; lastKnownFileType = sourcecode.swift; path = AppDelegate.swift; sourceTree = "<group>"; };
		B8BDF1561BD59780002F6268 /* Assets.xcassets */ = {isa = PBXFileReference; lastKnownFileType = folder.assetcatalog; path = Assets.xcassets; sourceTree = "<group>"; };
		B8BDF1591BD59780002F6268 /* Base */ = {isa = PBXFileReference; lastKnownFileType = file.storyboard; name = Base; path = Base.lproj/LaunchScreen.storyboard; sourceTree = "<group>"; };
		B8BDF15B1BD59780002F6268 /* Info.plist */ = {isa = PBXFileReference; lastKnownFileType = text.plist.xml; path = Info.plist; sourceTree = "<group>"; };
		B8BDF1671BD5C819002F6268 /* LoginViewController.swift */ = {isa = PBXFileReference; fileEncoding = 4; lastKnownFileType = sourcecode.swift; path = LoginViewController.swift; sourceTree = "<group>"; };
		B8FC31521BE6EEF000475BE0 /* ActivitiesTableViewController.swift */ = {isa = PBXFileReference; fileEncoding = 4; lastKnownFileType = sourcecode.swift; path = ActivitiesTableViewController.swift; sourceTree = "<group>"; };
		B8FC31541BE6F65300475BE0 /* UsersTableViewController.swift */ = {isa = PBXFileReference; fileEncoding = 4; lastKnownFileType = sourcecode.swift; path = UsersTableViewController.swift; sourceTree = "<group>"; };
		B8FC31561BE6FAA400475BE0 /* TabViewController.swift */ = {isa = PBXFileReference; fileEncoding = 4; lastKnownFileType = sourcecode.swift; path = TabViewController.swift; sourceTree = "<group>"; };
/* End PBXFileReference section */

/* Begin PBXFrameworksBuildPhase section */
		B8BDF1491BD59780002F6268 /* Frameworks */ = {
			isa = PBXFrameworksBuildPhase;
			buildActionMask = 2147483647;
			files = (
				B8BCEE101BE3EA41001D990A /* Crashlytics.framework in Frameworks */,
				B8BCEE0F1BE3EA41001D990A /* Fabric.framework in Frameworks */,
			);
			runOnlyForDeploymentPostprocessing = 0;
		};
/* End PBXFrameworksBuildPhase section */

/* Begin PBXGroup section */
		B8BDF1431BD59780002F6268 = {
			isa = PBXGroup;
			children = (
				B84DFEC91BD9664400E2C5A6 /* Secret.swift */,
				B8BDF14E1BD59780002F6268 /* glitter-mobile */,
				B8BDF14D1BD59780002F6268 /* Products */,
			);
			sourceTree = "<group>";
		};
		B8BDF14D1BD59780002F6268 /* Products */ = {
			isa = PBXGroup;
			children = (
				B8BDF14C1BD59780002F6268 /* glitter-mobile.app */,
			);
			name = Products;
			sourceTree = "<group>";
		};
		B8BDF14E1BD59780002F6268 /* glitter-mobile */ = {
			isa = PBXGroup;
			children = (
				B8BDF14F1BD59780002F6268 /* AppDelegate.swift */,
				B84DFEE31BDA7B4400E2C5A6 /* NewItemViewController.swift */,
				B8BDF1671BD5C819002F6268 /* LoginViewController.swift */,
				B84DFED51BD97DEF00E2C5A6 /* KeychainWrapper.swift */,
				B84DFEDD1BD9BCDB00E2C5A6 /* ActivitiesViewController.swift */,
				B88208691BE68B1100D1A657 /* UserViewController.swift */,
				B8FC31561BE6FAA400475BE0 /* TabViewController.swift */,
				B88208671BE674D000D1A657 /* GlitterActivityTableViewCell.swift */,
				B88208651BE6749B00D1A657 /* ItemActivityTableViewCell.swift */,
				B88208631BE6741F00D1A657 /* FollowingRelationshipActivityTableViewCell.swift */,
				B88208611BE66B2100D1A657 /* Activity.swift */,
				B84DFEDB1BD9B44100E2C5A6 /* ItemViewController.swift */,
				B8FC31521BE6EEF000475BE0 /* ActivitiesTableViewController.swift */,
				B882086D1BE6C1CE00D1A657 /* User.swift */,
				B84DFED71BD98AC400E2C5A6 /* Item.swift */,
				B84DFEE91BDAA8A500E2C5A6 /* UIColor.swift */,
				B84DFEEB1BDAC7F900E2C5A6 /* Main.storyboard */,
				B8FC31541BE6F65300475BE0 /* UsersTableViewController.swift */,
				B8BCEE0D1BE3EA41001D990A /* Fabric.framework */,
				B8BCEE0E1BE3EA41001D990A /* Crashlytics.framework */,
				B8BDF1561BD59780002F6268 /* Assets.xcassets */,
				B8BDF1581BD59780002F6268 /* LaunchScreen.storyboard */,
				B8BDF15B1BD59780002F6268 /* Info.plist */,
			);
			path = "glitter-mobile";
			sourceTree = "<group>";
		};
/* End PBXGroup section */

/* Begin PBXNativeTarget section */
		B8BDF14B1BD59780002F6268 /* glitter-mobile */ = {
			isa = PBXNativeTarget;
			buildConfigurationList = B8BDF15E1BD59780002F6268 /* Build configuration list for PBXNativeTarget "glitter-mobile" */;
			buildPhases = (
				B8BDF1481BD59780002F6268 /* Sources */,
				B8BDF1491BD59780002F6268 /* Frameworks */,
				B8BDF14A1BD59780002F6268 /* Resources */,
				B8BCEE0C1BE3EA12001D990A /* ShellScript */,
			);
			buildRules = (
			);
			dependencies = (
			);
			name = "glitter-mobile";
			productName = "glitter-mobile";
			productReference = B8BDF14C1BD59780002F6268 /* glitter-mobile.app */;
			productType = "com.apple.product-type.application";
		};
/* End PBXNativeTarget section */

/* Begin PBXProject section */
		B8BDF1441BD59780002F6268 /* Project object */ = {
			isa = PBXProject;
			attributes = {
				LastUpgradeCheck = 0700;
				ORGANIZATIONNAME = "Dorothy Thurston";
				TargetAttributes = {
					B8BDF14B1BD59780002F6268 = {
						CreatedOnToolsVersion = 7.0.1;
					};
				};
			};
			buildConfigurationList = B8BDF1471BD59780002F6268 /* Build configuration list for PBXProject "glitter-mobile" */;
			compatibilityVersion = "Xcode 3.2";
			developmentRegion = English;
			hasScannedForEncodings = 0;
			knownRegions = (
				en,
				Base,
			);
			mainGroup = B8BDF1431BD59780002F6268;
			productRefGroup = B8BDF14D1BD59780002F6268 /* Products */;
			projectDirPath = "";
			projectRoot = "";
			targets = (
				B8BDF14B1BD59780002F6268 /* glitter-mobile */,
			);
		};
/* End PBXProject section */

/* Begin PBXResourcesBuildPhase section */
		B8BDF14A1BD59780002F6268 /* Resources */ = {
			isa = PBXResourcesBuildPhase;
			buildActionMask = 2147483647;
			files = (
				B84DFEEC1BDAC7F900E2C5A6 /* Main.storyboard in Resources */,
				B8BDF15A1BD59780002F6268 /* LaunchScreen.storyboard in Resources */,
				B8BDF1571BD59780002F6268 /* Assets.xcassets in Resources */,
			);
			runOnlyForDeploymentPostprocessing = 0;
		};
/* End PBXResourcesBuildPhase section */

/* Begin PBXShellScriptBuildPhase section */
		B8BCEE0C1BE3EA12001D990A /* ShellScript */ = {
			isa = PBXShellScriptBuildPhase;
			buildActionMask = 2147483647;
			files = (
			);
			inputPaths = (
			);
			outputPaths = (
			);
			runOnlyForDeploymentPostprocessing = 0;
			shellPath = /bin/sh;
			shellScript = "./Fabric.framework/run 33e5b4a76e09bbcd52288ee1e9a15408dcfbb49e a88fdb08adbe2dc1017bb022745979839d76fda44fa058be30f991bad37ddd88";
		};
/* End PBXShellScriptBuildPhase section */

/* Begin PBXSourcesBuildPhase section */
		B8BDF1481BD59780002F6268 /* Sources */ = {
			isa = PBXSourcesBuildPhase;
			buildActionMask = 2147483647;
			files = (
				B88208681BE674D000D1A657 /* GlitterActivityTableViewCell.swift in Sources */,
				B84DFECA1BD9664400E2C5A6 /* Secret.swift in Sources */,
				B8BDF1501BD59780002F6268 /* AppDelegate.swift in Sources */,
				B84DFEE41BDA7B4400E2C5A6 /* NewItemViewController.swift in Sources */,
				B84DFEDC1BD9B44100E2C5A6 /* ItemViewController.swift in Sources */,
				B84DFEDE1BD9BCDB00E2C5A6 /* ActivitiesViewController.swift in Sources */,
				B8FC31571BE6FAA400475BE0 /* TabViewController.swift in Sources */,
				B8BDF1681BD5C819002F6268 /* LoginViewController.swift in Sources */,
				B88208661BE6749B00D1A657 /* ItemActivityTableViewCell.swift in Sources */,
				B882086E1BE6C1CE00D1A657 /* User.swift in Sources */,
				B84DFED81BD98AC400E2C5A6 /* Item.swift in Sources */,
				B8FC31531BE6EEF000475BE0 /* ActivitiesTableViewController.swift in Sources */,
				B84DFED61BD97DEF00E2C5A6 /* KeychainWrapper.swift in Sources */,
				B882086A1BE68B1100D1A657 /* UserViewController.swift in Sources */,
				B88208621BE66B2100D1A657 /* Activity.swift in Sources */,
				B88208641BE6741F00D1A657 /* FollowingRelationshipActivityTableViewCell.swift in Sources */,
				B8FC31551BE6F65300475BE0 /* UsersTableViewController.swift in Sources */,
				B84DFEEA1BDAA8A500E2C5A6 /* UIColor.swift in Sources */,
			);
			runOnlyForDeploymentPostprocessing = 0;
		};
/* End PBXSourcesBuildPhase section */

/* Begin PBXVariantGroup section */
		B8BDF1581BD59780002F6268 /* LaunchScreen.storyboard */ = {
			isa = PBXVariantGroup;
			children = (
				B8BDF1591BD59780002F6268 /* Base */,
			);
			name = LaunchScreen.storyboard;
			sourceTree = "<group>";
		};
/* End PBXVariantGroup section */

/* Begin XCBuildConfiguration section */
		B8BDF15C1BD59780002F6268 /* Debug */ = {
			isa = XCBuildConfiguration;
			buildSettings = {
				ALWAYS_SEARCH_USER_PATHS = NO;
				CLANG_CXX_LANGUAGE_STANDARD = "gnu++0x";
				CLANG_CXX_LIBRARY = "libc++";
				CLANG_ENABLE_MODULES = YES;
				CLANG_ENABLE_OBJC_ARC = YES;
				CLANG_WARN_BOOL_CONVERSION = YES;
				CLANG_WARN_CONSTANT_CONVERSION = YES;
				CLANG_WARN_DIRECT_OBJC_ISA_USAGE = YES_ERROR;
				CLANG_WARN_EMPTY_BODY = YES;
				CLANG_WARN_ENUM_CONVERSION = YES;
				CLANG_WARN_INT_CONVERSION = YES;
				CLANG_WARN_OBJC_ROOT_CLASS = YES_ERROR;
				CLANG_WARN_UNREACHABLE_CODE = YES;
				CLANG_WARN__DUPLICATE_METHOD_MATCH = YES;
				"CODE_SIGN_IDENTITY[sdk=iphoneos*]" = "iPhone Developer";
				COPY_PHASE_STRIP = NO;
				DEBUG_INFORMATION_FORMAT = dwarf;
				ENABLE_STRICT_OBJC_MSGSEND = YES;
				ENABLE_TESTABILITY = YES;
				GCC_C_LANGUAGE_STANDARD = gnu99;
				GCC_DYNAMIC_NO_PIC = NO;
				GCC_NO_COMMON_BLOCKS = YES;
				GCC_OPTIMIZATION_LEVEL = 0;
				GCC_PREPROCESSOR_DEFINITIONS = (
					"DEBUG=1",
					"$(inherited)",
				);
				GCC_WARN_64_TO_32_BIT_CONVERSION = YES;
				GCC_WARN_ABOUT_RETURN_TYPE = YES_ERROR;
				GCC_WARN_UNDECLARED_SELECTOR = YES;
				GCC_WARN_UNINITIALIZED_AUTOS = YES_AGGRESSIVE;
				GCC_WARN_UNUSED_FUNCTION = YES;
				GCC_WARN_UNUSED_VARIABLE = YES;
				IPHONEOS_DEPLOYMENT_TARGET = 9.0;
				MTL_ENABLE_DEBUG_INFO = YES;
				ONLY_ACTIVE_ARCH = YES;
				SDKROOT = iphoneos;
				SWIFT_OPTIMIZATION_LEVEL = "-Onone";
			};
			name = Debug;
		};
		B8BDF15D1BD59780002F6268 /* Release */ = {
			isa = XCBuildConfiguration;
			buildSettings = {
				ALWAYS_SEARCH_USER_PATHS = NO;
				CLANG_CXX_LANGUAGE_STANDARD = "gnu++0x";
				CLANG_CXX_LIBRARY = "libc++";
				CLANG_ENABLE_MODULES = YES;
				CLANG_ENABLE_OBJC_ARC = YES;
				CLANG_WARN_BOOL_CONVERSION = YES;
				CLANG_WARN_CONSTANT_CONVERSION = YES;
				CLANG_WARN_DIRECT_OBJC_ISA_USAGE = YES_ERROR;
				CLANG_WARN_EMPTY_BODY = YES;
				CLANG_WARN_ENUM_CONVERSION = YES;
				CLANG_WARN_INT_CONVERSION = YES;
				CLANG_WARN_OBJC_ROOT_CLASS = YES_ERROR;
				CLANG_WARN_UNREACHABLE_CODE = YES;
				CLANG_WARN__DUPLICATE_METHOD_MATCH = YES;
				"CODE_SIGN_IDENTITY[sdk=iphoneos*]" = "iPhone Developer";
				COPY_PHASE_STRIP = NO;
				DEBUG_INFORMATION_FORMAT = "dwarf-with-dsym";
				ENABLE_NS_ASSERTIONS = NO;
				ENABLE_STRICT_OBJC_MSGSEND = YES;
				GCC_C_LANGUAGE_STANDARD = gnu99;
				GCC_NO_COMMON_BLOCKS = YES;
				GCC_WARN_64_TO_32_BIT_CONVERSION = YES;
				GCC_WARN_ABOUT_RETURN_TYPE = YES_ERROR;
				GCC_WARN_UNDECLARED_SELECTOR = YES;
				GCC_WARN_UNINITIALIZED_AUTOS = YES_AGGRESSIVE;
				GCC_WARN_UNUSED_FUNCTION = YES;
				GCC_WARN_UNUSED_VARIABLE = YES;
				IPHONEOS_DEPLOYMENT_TARGET = 9.0;
				MTL_ENABLE_DEBUG_INFO = NO;
				SDKROOT = iphoneos;
				VALIDATE_PRODUCT = YES;
			};
			name = Release;
		};
		B8BDF15F1BD59780002F6268 /* Debug */ = {
			isa = XCBuildConfiguration;
			buildSettings = {
				ASSETCATALOG_COMPILER_APPICON_NAME = AppIcon;
				FRAMEWORK_SEARCH_PATHS = (
					"$(inherited)",
					"$(PROJECT_DIR)/glitter-mobile",
				);
				INFOPLIST_FILE = "glitter-mobile/Info.plist";
				LD_RUNPATH_SEARCH_PATHS = "$(inherited) @executable_path/Frameworks";
				PRODUCT_BUNDLE_IDENTIFIER = "dorothy.glitter-mobile";
				PRODUCT_NAME = "$(TARGET_NAME)";
			};
			name = Debug;
		};
		B8BDF1601BD59780002F6268 /* Release */ = {
			isa = XCBuildConfiguration;
			buildSettings = {
				ASSETCATALOG_COMPILER_APPICON_NAME = AppIcon;
				FRAMEWORK_SEARCH_PATHS = (
					"$(inherited)",
					"$(PROJECT_DIR)/glitter-mobile",
				);
				INFOPLIST_FILE = "glitter-mobile/Info.plist";
				LD_RUNPATH_SEARCH_PATHS = "$(inherited) @executable_path/Frameworks";
				PRODUCT_BUNDLE_IDENTIFIER = "dorothy.glitter-mobile";
				PRODUCT_NAME = "$(TARGET_NAME)";
			};
			name = Release;
		};
/* End XCBuildConfiguration section */

/* Begin XCConfigurationList section */
		B8BDF1471BD59780002F6268 /* Build configuration list for PBXProject "glitter-mobile" */ = {
			isa = XCConfigurationList;
			buildConfigurations = (
				B8BDF15C1BD59780002F6268 /* Debug */,
				B8BDF15D1BD59780002F6268 /* Release */,
			);
			defaultConfigurationIsVisible = 0;
			defaultConfigurationName = Release;
		};
		B8BDF15E1BD59780002F6268 /* Build configuration list for PBXNativeTarget "glitter-mobile" */ = {
			isa = XCConfigurationList;
			buildConfigurations = (
				B8BDF15F1BD59780002F6268 /* Debug */,
				B8BDF1601BD59780002F6268 /* Release */,
			);
			defaultConfigurationIsVisible = 0;
			defaultConfigurationName = Release;
		};
/* End XCConfigurationList section */
	};
	rootObject = B8BDF1441BD59780002F6268 /* Project object */;
}
